// !$*UTF8*$!
{
	archiveVersion = 1;
	classes = {
	};
	objectVersion = 50;
	objects = {

/* Begin PBXBuildFile section */
		1C19F6EE24CD473600513211 /* AppDelegate.swift in Sources */ = {isa = PBXBuildFile; fileRef = 1C19F6ED24CD473600513211 /* AppDelegate.swift */; };
		1C19F6F024CD473600513211 /* SceneDelegate.swift in Sources */ = {isa = PBXBuildFile; fileRef = 1C19F6EF24CD473600513211 /* SceneDelegate.swift */; };
		1C19F6F324CD473600513211 /* MasterUI.xcdatamodeld in Sources */ = {isa = PBXBuildFile; fileRef = 1C19F6F124CD473600513211 /* MasterUI.xcdatamodeld */; };
		1C19F6F524CD473600513211 /* ContentView.swift in Sources */ = {isa = PBXBuildFile; fileRef = 1C19F6F424CD473600513211 /* ContentView.swift */; };
		1C19F6F724CD473A00513211 /* Assets.xcassets in Resources */ = {isa = PBXBuildFile; fileRef = 1C19F6F624CD473A00513211 /* Assets.xcassets */; };
		1C19F6FA24CD473A00513211 /* Preview Assets.xcassets in Resources */ = {isa = PBXBuildFile; fileRef = 1C19F6F924CD473A00513211 /* Preview Assets.xcassets */; };
		1C19F6FD24CD473A00513211 /* LaunchScreen.storyboard in Resources */ = {isa = PBXBuildFile; fileRef = 1C19F6FB24CD473A00513211 /* LaunchScreen.storyboard */; };
		1C19F70824CD473B00513211 /* MasterUITests.swift in Sources */ = {isa = PBXBuildFile; fileRef = 1C19F70724CD473B00513211 /* MasterUITests.swift */; };
		1C19F71324CD473B00513211 /* MasterUIUITests.swift in Sources */ = {isa = PBXBuildFile; fileRef = 1C19F71224CD473B00513211 /* MasterUIUITests.swift */; };
/* End PBXBuildFile section */

/* Begin PBXContainerItemProxy section */
		1C19F70424CD473B00513211 /* PBXContainerItemProxy */ = {
			isa = PBXContainerItemProxy;
			containerPortal = 1C19F6E224CD473600513211 /* Project object */;
			proxyType = 1;
			remoteGlobalIDString = 1C19F6E924CD473600513211;
			remoteInfo = MasterUI;
		};
		1C19F70F24CD473B00513211 /* PBXContainerItemProxy */ = {
			isa = PBXContainerItemProxy;
			containerPortal = 1C19F6E224CD473600513211 /* Project object */;
			proxyType = 1;
			remoteGlobalIDString = 1C19F6E924CD473600513211;
			remoteInfo = MasterUI;
		};
/* End PBXContainerItemProxy section */

/* Begin PBXFileReference section */
		1C19F6EA24CD473600513211 /* MasterUI.app */ = {isa = PBXFileReference; explicitFileType = wrapper.application; includeInIndex = 0; path = MasterUI.app; sourceTree = BUILT_PRODUCTS_DIR; };
		1C19F6ED24CD473600513211 /* AppDelegate.swift */ = {isa = PBXFileReference; lastKnownFileType = sourcecode.swift; path = AppDelegate.swift; sourceTree = "<group>"; };
		1C19F6EF24CD473600513211 /* SceneDelegate.swift */ = {isa = PBXFileReference; lastKnownFileType = sourcecode.swift; path = SceneDelegate.swift; sourceTree = "<group>"; };
		1C19F6F224CD473600513211 /* MasterUI.xcdatamodel */ = {isa = PBXFileReference; lastKnownFileType = wrapper.xcdatamodel; path = MasterUI.xcdatamodel; sourceTree = "<group>"; };
		1C19F6F424CD473600513211 /* ContentView.swift */ = {isa = PBXFileReference; lastKnownFileType = sourcecode.swift; path = ContentView.swift; sourceTree = "<group>"; };
		1C19F6F624CD473A00513211 /* Assets.xcassets */ = {isa = PBXFileReference; lastKnownFileType = folder.assetcatalog; path = Assets.xcassets; sourceTree = "<group>"; };
		1C19F6F924CD473A00513211 /* Preview Assets.xcassets */ = {isa = PBXFileReference; lastKnownFileType = folder.assetcatalog; path = "Preview Assets.xcassets"; sourceTree = "<group>"; };
		1C19F6FC24CD473A00513211 /* Base */ = {isa = PBXFileReference; lastKnownFileType = file.storyboard; name = Base; path = Base.lproj/LaunchScreen.storyboard; sourceTree = "<group>"; };
		1C19F6FE24CD473A00513211 /* Info.plist */ = {isa = PBXFileReference; lastKnownFileType = text.plist.xml; path = Info.plist; sourceTree = "<group>"; };
		1C19F70324CD473B00513211 /* MasterUITests.xctest */ = {isa = PBXFileReference; explicitFileType = wrapper.cfbundle; includeInIndex = 0; path = MasterUITests.xctest; sourceTree = BUILT_PRODUCTS_DIR; };
		1C19F70724CD473B00513211 /* MasterUITests.swift */ = {isa = PBXFileReference; lastKnownFileType = sourcecode.swift; path = MasterUITests.swift; sourceTree = "<group>"; };
		1C19F70924CD473B00513211 /* Info.plist */ = {isa = PBXFileReference; lastKnownFileType = text.plist.xml; path = Info.plist; sourceTree = "<group>"; };
		1C19F70E24CD473B00513211 /* MasterUIUITests.xctest */ = {isa = PBXFileReference; explicitFileType = wrapper.cfbundle; includeInIndex = 0; path = MasterUIUITests.xctest; sourceTree = BUILT_PRODUCTS_DIR; };
		1C19F71224CD473B00513211 /* MasterUIUITests.swift */ = {isa = PBXFileReference; lastKnownFileType = sourcecode.swift; path = MasterUIUITests.swift; sourceTree = "<group>"; };
		1C19F71424CD473B00513211 /* Info.plist */ = {isa = PBXFileReference; lastKnownFileType = text.plist.xml; path = Info.plist; sourceTree = "<group>"; };
/* End PBXFileReference section */

/* Begin PBXFrameworksBuildPhase section */
		1C19F6E724CD473600513211 /* Frameworks */ = {
			isa = PBXFrameworksBuildPhase;
			buildActionMask = 2147483647;
			files = (
			);
			runOnlyForDeploymentPostprocessing = 0;
		};
		1C19F70024CD473B00513211 /* Frameworks */ = {
			isa = PBXFrameworksBuildPhase;
			buildActionMask = 2147483647;
			files = (
			);
			runOnlyForDeploymentPostprocessing = 0;
		};
		1C19F70B24CD473B00513211 /* Frameworks */ = {
			isa = PBXFrameworksBuildPhase;
			buildActionMask = 2147483647;
			files = (
			);
			runOnlyForDeploymentPostprocessing = 0;
		};
/* End PBXFrameworksBuildPhase section */

/* Begin PBXGroup section */
		1C19F6E124CD473600513211 = {
			isa = PBXGroup;
			children = (
				1C19F6EC24CD473600513211 /* MasterUI */,
				1C19F70624CD473B00513211 /* MasterUITests */,
				1C19F71124CD473B00513211 /* MasterUIUITests */,
				1C19F6EB24CD473600513211 /* Products */,
			);
			sourceTree = "<group>";
		};
		1C19F6EB24CD473600513211 /* Products */ = {
			isa = PBXGroup;
			children = (
				1C19F6EA24CD473600513211 /* MasterUI.app */,
				1C19F70324CD473B00513211 /* MasterUITests.xctest */,
				1C19F70E24CD473B00513211 /* MasterUIUITests.xctest */,
			);
			name = Products;
			sourceTree = "<group>";
		};
		1C19F6EC24CD473600513211 /* MasterUI */ = {
			isa = PBXGroup;
			children = (
				1C19F6ED24CD473600513211 /* AppDelegate.swift */,
				1C19F6EF24CD473600513211 /* SceneDelegate.swift */,
				1C19F6F424CD473600513211 /* ContentView.swift */,
				1C19F6F624CD473A00513211 /* Assets.xcassets */,
				1C19F6FB24CD473A00513211 /* LaunchScreen.storyboard */,
				1C19F6FE24CD473A00513211 /* Info.plist */,
				1C19F6F124CD473600513211 /* MasterUI.xcdatamodeld */,
				1C19F6F824CD473A00513211 /* Preview Content */,
			);
			path = MasterUI;
			sourceTree = "<group>";
		};
		1C19F6F824CD473A00513211 /* Preview Content */ = {
			isa = PBXGroup;
			children = (
				1C19F6F924CD473A00513211 /* Preview Assets.xcassets */,
			);
			path = "Preview Content";
			sourceTree = "<group>";
		};
		1C19F70624CD473B00513211 /* MasterUITests */ = {
			isa = PBXGroup;
			children = (
				1C19F70724CD473B00513211 /* MasterUITests.swift */,
				1C19F70924CD473B00513211 /* Info.plist */,
			);
			path = MasterUITests;
			sourceTree = "<group>";
		};
		1C19F71124CD473B00513211 /* MasterUIUITests */ = {
			isa = PBXGroup;
			children = (
				1C19F71224CD473B00513211 /* MasterUIUITests.swift */,
				1C19F71424CD473B00513211 /* Info.plist */,
			);
			path = MasterUIUITests;
			sourceTree = "<group>";
		};
/* End PBXGroup section */

/* Begin PBXNativeTarget section */
		1C19F6E924CD473600513211 /* MasterUI */ = {
			isa = PBXNativeTarget;
			buildConfigurationList = 1C19F71724CD473B00513211 /* Build configuration list for PBXNativeTarget "MasterUI" */;
			buildPhases = (
				1C19F6E624CD473600513211 /* Sources */,
				1C19F6E724CD473600513211 /* Frameworks */,
				1C19F6E824CD473600513211 /* Resources */,
			);
			buildRules = (
			);
			dependencies = (
			);
			name = MasterUI;
			productName = MasterUI;
			productReference = 1C19F6EA24CD473600513211 /* MasterUI.app */;
			productType = "com.apple.product-type.application";
		};
		1C19F70224CD473B00513211 /* MasterUITests */ = {
			isa = PBXNativeTarget;
			buildConfigurationList = 1C19F71A24CD473B00513211 /* Build configuration list for PBXNativeTarget "MasterUITests" */;
			buildPhases = (
				1C19F6FF24CD473B00513211 /* Sources */,
				1C19F70024CD473B00513211 /* Frameworks */,
				1C19F70124CD473B00513211 /* Resources */,
			);
			buildRules = (
			);
			dependencies = (
				1C19F70524CD473B00513211 /* PBXTargetDependency */,
			);
			name = MasterUITests;
			productName = MasterUITests;
			productReference = 1C19F70324CD473B00513211 /* MasterUITests.xctest */;
			productType = "com.apple.product-type.bundle.unit-test";
		};
		1C19F70D24CD473B00513211 /* MasterUIUITests */ = {
			isa = PBXNativeTarget;
			buildConfigurationList = 1C19F71D24CD473B00513211 /* Build configuration list for PBXNativeTarget "MasterUIUITests" */;
			buildPhases = (
				1C19F70A24CD473B00513211 /* Sources */,
				1C19F70B24CD473B00513211 /* Frameworks */,
				1C19F70C24CD473B00513211 /* Resources */,
			);
			buildRules = (
			);
			dependencies = (
				1C19F71024CD473B00513211 /* PBXTargetDependency */,
			);
			name = MasterUIUITests;
			productName = MasterUIUITests;
			productReference = 1C19F70E24CD473B00513211 /* MasterUIUITests.xctest */;
			productType = "com.apple.product-type.bundle.ui-testing";
		};
/* End PBXNativeTarget section */

/* Begin PBXProject section */
		1C19F6E224CD473600513211 /* Project object */ = {
			isa = PBXProject;
			attributes = {
				LastSwiftUpdateCheck = 1130;
				LastUpgradeCheck = 1130;
				ORGANIZATIONNAME = "Đặng Khánh ";
				TargetAttributes = {
					1C19F6E924CD473600513211 = {
						CreatedOnToolsVersion = 11.3.1;
					};
					1C19F70224CD473B00513211 = {
						CreatedOnToolsVersion = 11.3.1;
						TestTargetID = 1C19F6E924CD473600513211;
					};
					1C19F70D24CD473B00513211 = {
						CreatedOnToolsVersion = 11.3.1;
						TestTargetID = 1C19F6E924CD473600513211;
					};
				};
			};
			buildConfigurationList = 1C19F6E524CD473600513211 /* Build configuration list for PBXProject "MasterUI" */;
			compatibilityVersion = "Xcode 9.3";
			developmentRegion = en;
			hasScannedForEncodings = 0;
			knownRegions = (
				en,
				Base,
			);
			mainGroup = 1C19F6E124CD473600513211;
			productRefGroup = 1C19F6EB24CD473600513211 /* Products */;
			projectDirPath = "";
			projectRoot = "";
			targets = (
				1C19F6E924CD473600513211 /* MasterUI */,
				1C19F70224CD473B00513211 /* MasterUITests */,
				1C19F70D24CD473B00513211 /* MasterUIUITests */,
			);
		};
/* End PBXProject section */

/* Begin PBXResourcesBuildPhase section */
		1C19F6E824CD473600513211 /* Resources */ = {
			isa = PBXResourcesBuildPhase;
			buildActionMask = 2147483647;
			files = (
				1C19F6FD24CD473A00513211 /* LaunchScreen.storyboard in Resources */,
				1C19F6FA24CD473A00513211 /* Preview Assets.xcassets in Resources */,
				1C19F6F724CD473A00513211 /* Assets.xcassets in Resources */,
			);
			runOnlyForDeploymentPostprocessing = 0;
		};
		1C19F70124CD473B00513211 /* Resources */ = {
			isa = PBXResourcesBuildPhase;
			buildActionMask = 2147483647;
			files = (
			);
			runOnlyForDeploymentPostprocessing = 0;
		};
		1C19F70C24CD473B00513211 /* Resources */ = {
			isa = PBXResourcesBuildPhase;
			buildActionMask = 2147483647;
			files = (
			);
			runOnlyForDeploymentPostprocessing = 0;
		};
/* End PBXResourcesBuildPhase section */

/* Begin PBXSourcesBuildPhase section */
		1C19F6E624CD473600513211 /* Sources */ = {
			isa = PBXSourcesBuildPhase;
			buildActionMask = 2147483647;
			files = (
				1C19F6F324CD473600513211 /* MasterUI.xcdatamodeld in Sources */,
				1C19F6EE24CD473600513211 /* AppDelegate.swift in Sources */,
				1C19F6F524CD473600513211 /* ContentView.swift in Sources */,
				1C19F6F024CD473600513211 /* SceneDelegate.swift in Sources */,
			);
			runOnlyForDeploymentPostprocessing = 0;
		};
		1C19F6FF24CD473B00513211 /* Sources */ = {
			isa = PBXSourcesBuildPhase;
			buildActionMask = 2147483647;
			files = (
				1C19F70824CD473B00513211 /* MasterUITests.swift in Sources */,
			);
			runOnlyForDeploymentPostprocessing = 0;
		};
		1C19F70A24CD473B00513211 /* Sources */ = {
			isa = PBXSourcesBuildPhase;
			buildActionMask = 2147483647;
			files = (
				1C19F71324CD473B00513211 /* MasterUIUITests.swift in Sources */,
			);
			runOnlyForDeploymentPostprocessing = 0;
		};
/* End PBXSourcesBuildPhase section */

/* Begin PBXTargetDependency section */
		1C19F70524CD473B00513211 /* PBXTargetDependency */ = {
			isa = PBXTargetDependency;
			target = 1C19F6E924CD473600513211 /* MasterUI */;
			targetProxy = 1C19F70424CD473B00513211 /* PBXContainerItemProxy */;
		};
		1C19F71024CD473B00513211 /* PBXTargetDependency */ = {
			isa = PBXTargetDependency;
			target = 1C19F6E924CD473600513211 /* MasterUI */;
			targetProxy = 1C19F70F24CD473B00513211 /* PBXContainerItemProxy */;
		};
/* End PBXTargetDependency section */

/* Begin PBXVariantGroup section */
		1C19F6FB24CD473A00513211 /* LaunchScreen.storyboard */ = {
			isa = PBXVariantGroup;
			children = (
				1C19F6FC24CD473A00513211 /* Base */,
			);
			name = LaunchScreen.storyboard;
			sourceTree = "<group>";
		};
/* End PBXVariantGroup section */

/* Begin XCBuildConfiguration section */
		1C19F71524CD473B00513211 /* Debug */ = {
			isa = XCBuildConfiguration;
			buildSettings = {
				ALWAYS_SEARCH_USER_PATHS = NO;
				CLANG_ANALYZER_NONNULL = YES;
				CLANG_ANALYZER_NUMBER_OBJECT_CONVERSION = YES_AGGRESSIVE;
				CLANG_CXX_LANGUAGE_STANDARD = "gnu++14";
				CLANG_CXX_LIBRARY = "libc++";
				CLANG_ENABLE_MODULES = YES;
				CLANG_ENABLE_OBJC_ARC = YES;
				CLANG_ENABLE_OBJC_WEAK = YES;
				CLANG_WARN_BLOCK_CAPTURE_AUTORELEASING = YES;
				CLANG_WARN_BOOL_CONVERSION = YES;
				CLANG_WARN_COMMA = YES;
				CLANG_WARN_CONSTANT_CONVERSION = YES;
				CLANG_WARN_DEPRECATED_OBJC_IMPLEMENTATIONS = YES;
				CLANG_WARN_DIRECT_OBJC_ISA_USAGE = YES_ERROR;
				CLANG_WARN_DOCUMENTATION_COMMENTS = YES;
				CLANG_WARN_EMPTY_BODY = YES;
				CLANG_WARN_ENUM_CONVERSION = YES;
				CLANG_WARN_INFINITE_RECURSION = YES;
				CLANG_WARN_INT_CONVERSION = YES;
				CLANG_WARN_NON_LITERAL_NULL_CONVERSION = YES;
				CLANG_WARN_OBJC_IMPLICIT_RETAIN_SELF = YES;
				CLANG_WARN_OBJC_LITERAL_CONVERSION = YES;
				CLANG_WARN_OBJC_ROOT_CLASS = YES_ERROR;
				CLANG_WARN_RANGE_LOOP_ANALYSIS = YES;
				CLANG_WARN_STRICT_PROTOTYPES = YES;
				CLANG_WARN_SUSPICIOUS_MOVE = YES;
				CLANG_WARN_UNGUARDED_AVAILABILITY = YES_AGGRESSIVE;
				CLANG_WARN_UNREACHABLE_CODE = YES;
				CLANG_WARN__DUPLICATE_METHOD_MATCH = YES;
				COPY_PHASE_STRIP = NO;
				DEBUG_INFORMATION_FORMAT = dwarf;
				ENABLE_STRICT_OBJC_MSGSEND = YES;
				ENABLE_TESTABILITY = YES;
				GCC_C_LANGUAGE_STANDARD = gnu11;
				GCC_DYNAMIC_NO_PIC = NO;
				GCC_NO_COMMON_BLOCKS = YES;
				GCC_OPTIMIZATION_LEVEL = 0;
				GCC_PREPROCESSOR_DEFINITIONS = (
					"DEBUG=1",
					"$(inherited)",
				);
				GCC_WARN_64_TO_32_BIT_CONVERSION = YES;
				GCC_WARN_ABOUT_RETURN_TYPE = YES_ERROR;
				GCC_WARN_UNDECLARED_SELECTOR = YES;
				GCC_WARN_UNINITIALIZED_AUTOS = YES_AGGRESSIVE;
				GCC_WARN_UNUSED_FUNCTION = YES;
				GCC_WARN_UNUSED_VARIABLE = YES;
				IPHONEOS_DEPLOYMENT_TARGET = 13.2;
				MTL_ENABLE_DEBUG_INFO = INCLUDE_SOURCE;
				MTL_FAST_MATH = YES;
				ONLY_ACTIVE_ARCH = YES;
				SDKROOT = iphoneos;
				SWIFT_ACTIVE_COMPILATION_CONDITIONS = DEBUG;
				SWIFT_OPTIMIZATION_LEVEL = "-Onone";
			};
			name = Debug;
		};
		1C19F71624CD473B00513211 /* Release */ = {
			isa = XCBuildConfiguration;
			buildSettings = {
				ALWAYS_SEARCH_USER_PATHS = NO;
				CLANG_ANALYZER_NONNULL = YES;
				CLANG_ANALYZER_NUMBER_OBJECT_CONVERSION = YES_AGGRESSIVE;
				CLANG_CXX_LANGUAGE_STANDARD = "gnu++14";
				CLANG_CXX_LIBRARY = "libc++";
				CLANG_ENABLE_MODULES = YES;
				CLANG_ENABLE_OBJC_ARC = YES;
				CLANG_ENABLE_OBJC_WEAK = YES;
				CLANG_WARN_BLOCK_CAPTURE_AUTORELEASING = YES;
				CLANG_WARN_BOOL_CONVERSION = YES;
				CLANG_WARN_COMMA = YES;
				CLANG_WARN_CONSTANT_CONVERSION = YES;
				CLANG_WARN_DEPRECATED_OBJC_IMPLEMENTATIONS = YES;
				CLANG_WARN_DIRECT_OBJC_ISA_USAGE = YES_ERROR;
				CLANG_WARN_DOCUMENTATION_COMMENTS = YES;
				CLANG_WARN_EMPTY_BODY = YES;
				CLANG_WARN_ENUM_CONVERSION = YES;
				CLANG_WARN_INFINITE_RECURSION = YES;
				CLANG_WARN_INT_CONVERSION = YES;
				CLANG_WARN_NON_LITERAL_NULL_CONVERSION = YES;
				CLANG_WARN_OBJC_IMPLICIT_RETAIN_SELF = YES;
				CLANG_WARN_OBJC_LITERAL_CONVERSION = YES;
				CLANG_WARN_OBJC_ROOT_CLASS = YES_ERROR;
				CLANG_WARN_RANGE_LOOP_ANALYSIS = YES;
				CLANG_WARN_STRICT_PROTOTYPES = YES;
				CLANG_WARN_SUSPICIOUS_MOVE = YES;
				CLANG_WARN_UNGUARDED_AVAILABILITY = YES_AGGRESSIVE;
				CLANG_WARN_UNREACHABLE_CODE = YES;
				CLANG_WARN__DUPLICATE_METHOD_MATCH = YES;
				COPY_PHASE_STRIP = NO;
				DEBUG_INFORMATION_FORMAT = "dwarf-with-dsym";
				ENABLE_NS_ASSERTIONS = NO;
				ENABLE_STRICT_OBJC_MSGSEND = YES;
				GCC_C_LANGUAGE_STANDARD = gnu11;
				GCC_NO_COMMON_BLOCKS = YES;
				GCC_WARN_64_TO_32_BIT_CONVERSION = YES;
				GCC_WARN_ABOUT_RETURN_TYPE = YES_ERROR;
				GCC_WARN_UNDECLARED_SELECTOR = YES;
				GCC_WARN_UNINITIALIZED_AUTOS = YES_AGGRESSIVE;
				GCC_WARN_UNUSED_FUNCTION = YES;
				GCC_WARN_UNUSED_VARIABLE = YES;
				IPHONEOS_DEPLOYMENT_TARGET = 13.2;
				MTL_ENABLE_DEBUG_INFO = NO;
				MTL_FAST_MATH = YES;
				SDKROOT = iphoneos;
				SWIFT_COMPILATION_MODE = wholemodule;
				SWIFT_OPTIMIZATION_LEVEL = "-O";
				VALIDATE_PRODUCT = YES;
			};
			name = Release;
		};
		1C19F71824CD473B00513211 /* Debug */ = {
			isa = XCBuildConfiguration;
			buildSettings = {
				ASSETCATALOG_COMPILER_APPICON_NAME = AppIcon;
				CODE_SIGN_STYLE = Automatic;
				DEVELOPMENT_ASSET_PATHS = "\"MasterUI/Preview Content\"";
				ENABLE_PREVIEWS = YES;
				INFOPLIST_FILE = MasterUI/Info.plist;
				LD_RUNPATH_SEARCH_PATHS = (
					"$(inherited)",
					"@executable_path/Frameworks",
				);
				PRODUCT_BUNDLE_IDENTIFIER = "Dang-khanh.MasterUI";
				PRODUCT_NAME = "$(TARGET_NAME)";
				SWIFT_VERSION = 5.0;
				TARGETED_DEVICE_FAMILY = "1,2";
			};
			name = Debug;
		};
		1C19F71924CD473B00513211 /* Release */ = {
			isa = XCBuildConfiguration;
			buildSettings = {
				ASSETCATALOG_COMPILER_APPICON_NAME = AppIcon;
				CODE_SIGN_STYLE = Automatic;
				DEVELOPMENT_ASSET_PATHS = "\"MasterUI/Preview Content\"";
				ENABLE_PREVIEWS = YES;
				INFOPLIST_FILE = MasterUI/Info.plist;
				LD_RUNPATH_SEARCH_PATHS = (
					"$(inherited)",
					"@executable_path/Frameworks",
				);
				PRODUCT_BUNDLE_IDENTIFIER = "Dang-khanh.MasterUI";
				PRODUCT_NAME = "$(TARGET_NAME)";
				SWIFT_VERSION = 5.0;
				TARGETED_DEVICE_FAMILY = "1,2";
			};
			name = Release;
		};
		1C19F71B24CD473B00513211 /* Debug */ = {
			isa = XCBuildConfiguration;
			buildSettings = {
				ALWAYS_EMBED_SWIFT_STANDARD_LIBRARIES = YES;
				BUNDLE_LOADER = "$(TEST_HOST)";
				CODE_SIGN_STYLE = Automatic;
				INFOPLIST_FILE = MasterUITests/Info.plist;
				IPHONEOS_DEPLOYMENT_TARGET = 13.2;
				LD_RUNPATH_SEARCH_PATHS = (
					"$(inherited)",
					"@executable_path/Frameworks",
					"@loader_path/Frameworks",
				);
				PRODUCT_BUNDLE_IDENTIFIER = "Dang-khanh.MasterUITests";
				PRODUCT_NAME = "$(TARGET_NAME)";
				SWIFT_VERSION = 5.0;
				TARGETED_DEVICE_FAMILY = "1,2";
				TEST_HOST = "$(BUILT_PRODUCTS_DIR)/MasterUI.app/MasterUI";
			};
			name = Debug;
		};
		1C19F71C24CD473B00513211 /* Release */ = {
			isa = XCBuildConfiguration;
			buildSettings = {
				ALWAYS_EMBED_SWIFT_STANDARD_LIBRARIES = YES;
				BUNDLE_LOADER = "$(TEST_HOST)";
				CODE_SIGN_STYLE = Automatic;
				INFOPLIST_FILE = MasterUITests/Info.plist;
				IPHONEOS_DEPLOYMENT_TARGET = 13.2;
				LD_RUNPATH_SEARCH_PATHS = (
					"$(inherited)",
					"@executable_path/Frameworks",
					"@loader_path/Frameworks",
				);
				PRODUCT_BUNDLE_IDENTIFIER = "Dang-khanh.MasterUITests";
				PRODUCT_NAME = "$(TARGET_NAME)";
				SWIFT_VERSION = 5.0;
				TARGETED_DEVICE_FAMILY = "1,2";
				TEST_HOST = "$(BUILT_PRODUCTS_DIR)/MasterUI.app/MasterUI";
			};
			name = Release;
		};
		1C19F71E24CD473B00513211 /* Debug */ = {
			isa = XCBuildConfiguration;
			buildSettings = {
				ALWAYS_EMBED_SWIFT_STANDARD_LIBRARIES = YES;
				CODE_SIGN_STYLE = Automatic;
				INFOPLIST_FILE = MasterUIUITests/Info.plist;
				LD_RUNPATH_SEARCH_PATHS = (
					"$(inherited)",
					"@executable_path/Frameworks",
					"@loader_path/Frameworks",
				);
				PRODUCT_BUNDLE_IDENTIFIER = "Dang-khanh.MasterUIUITests";
				PRODUCT_NAME = "$(TARGET_NAME)";
				SWIFT_VERSION = 5.0;
				TARGETED_DEVICE_FAMILY = "1,2";
				TEST_TARGET_NAME = MasterUI;
			};
			name = Debug;
		};
		1C19F71F24CD473B00513211 /* Release */ = {
			isa = XCBuildConfiguration;
			buildSettings = {
				ALWAYS_EMBED_SWIFT_STANDARD_LIBRARIES = YES;
				CODE_SIGN_STYLE = Automatic;
				INFOPLIST_FILE = MasterUIUITests/Info.plist;
				LD_RUNPATH_SEARCH_PATHS = (
					"$(inherited)",
					"@executable_path/Frameworks",
					"@loader_path/Frameworks",
				);
				PRODUCT_BUNDLE_IDENTIFIER = "Dang-khanh.MasterUIUITests";
				PRODUCT_NAME = "$(TARGET_NAME)";
				SWIFT_VERSION = 5.0;
				TARGETED_DEVICE_FAMILY = "1,2";
				TEST_TARGET_NAME = MasterUI;
			};
			name = Release;
		};
/* End XCBuildConfiguration section */

/* Begin XCConfigurationList section */
		1C19F6E524CD473600513211 /* Build configuration list for PBXProject "MasterUI" */ = {
			isa = XCConfigurationList;
			buildConfigurations = (
				1C19F71524CD473B00513211 /* Debug */,
				1C19F71624CD473B00513211 /* Release */,
			);
			defaultConfigurationIsVisible = 0;
			defaultConfigurationName = Release;
		};
		1C19F71724CD473B00513211 /* Build configuration list for PBXNativeTarget "MasterUI" */ = {
			isa = XCConfigurationList;
			buildConfigurations = (
				1C19F71824CD473B00513211 /* Debug */,
				1C19F71924CD473B00513211 /* Release */,
			);
			defaultConfigurationIsVisible = 0;
			defaultConfigurationName = Release;
		};
		1C19F71A24CD473B00513211 /* Build configuration list for PBXNativeTarget "MasterUITests" */ = {
			isa = XCConfigurationList;
			buildConfigurations = (
				1C19F71B24CD473B00513211 /* Debug */,
				1C19F71C24CD473B00513211 /* Release */,
			);
			defaultConfigurationIsVisible = 0;
			defaultConfigurationName = Release;
		};
		1C19F71D24CD473B00513211 /* Build configuration list for PBXNativeTarget "MasterUIUITests" */ = {
			isa = XCConfigurationList;
			buildConfigurations = (
				1C19F71E24CD473B00513211 /* Debug */,
				1C19F71F24CD473B00513211 /* Release */,
			);
			defaultConfigurationIsVisible = 0;
			defaultConfigurationName = Release;
		};
/* End XCConfigurationList section */

/* Begin XCVersionGroup section */
		1C19F6F124CD473600513211 /* MasterUI.xcdatamodeld */ = {
			isa = XCVersionGroup;
			children = (
				1C19F6F224CD473600513211 /* MasterUI.xcdatamodel */,
			);
			currentVersion = 1C19F6F224CD473600513211 /* MasterUI.xcdatamodel */;
			path = MasterUI.xcdatamodeld;
			sourceTree = "<group>";
			versionGroupType = wrapper.xcdatamodel;
		};
/* End XCVersionGroup section */
	};
	rootObject = 1C19F6E224CD473600513211 /* Project object */;
}
